Microsoft Visual Studio Solution File, Format Version 12.00
# Visual Studio 2012
Project("{FAE04EC0-301F-11D3-BF4B-00C04F79EFBC}") = "craig-stars", "craig-stars.csproj", "{07385AED-DF6F-47EE-9B87-55ED48E3AC3C}"
EndProject
Project("{FAE04EC0-301F-11D3-BF4B-00C04F79EFBC}") = "Core.Tests", "src\Core.Tests\Core.Tests.csproj", "{D58FC96B-B3DF-4AF9-AB58-553E2E635958}"
EndProject
Project("{FAE04EC0-301F-11D3-BF4B-00C04F79EFBC}") = "Core", "src\Core\Core.csproj", "{A5C8D23E-E29B-49EB-AC35-1CDDF796C1FD}"
EndProject
Global
	GlobalSection(SolutionConfigurationPlatforms) = preSolution
		Debug|Any CPU = Debug|Any CPU
		ExportDebug|Any CPU = ExportDebug|Any CPU
		ExportRelease|Any CPU = ExportRelease|Any CPU
		Release|Any CPU = Release|Any CPU
	EndGlobalSection
	GlobalSection(ProjectConfigurationPlatforms) = postSolution
		{07385AED-DF6F-47EE-9B87-55ED48E3AC3C}.Debug|Any CPU.ActiveCfg = Debug|Any CPU
		{07385AED-DF6F-47EE-9B87-55ED48E3AC3C}.Debug|Any CPU.Build.0 = Debug|Any CPU
		{07385AED-DF6F-47EE-9B87-55ED48E3AC3C}.ExportDebug|Any CPU.ActiveCfg = ExportDebug|Any CPU
		{07385AED-DF6F-47EE-9B87-55ED48E3AC3C}.ExportDebug|Any CPU.Build.0 = ExportDebug|Any CPU
		{07385AED-DF6F-47EE-9B87-55ED48E3AC3C}.ExportRelease|Any CPU.ActiveCfg = ExportRelease|Any CPU
		{07385AED-DF6F-47EE-9B87-55ED48E3AC3C}.ExportRelease|Any CPU.Build.0 = ExportRelease|Any CPU
		{07385AED-DF6F-47EE-9B87-55ED48E3AC3C}.Release|Any CPU.ActiveCfg = Release|Any CPU
		{D58FC96B-B3DF-4AF9-AB58-553E2E635958}.Debug|Any CPU.ActiveCfg = Debug|Any CPU
		{D58FC96B-B3DF-4AF9-AB58-553E2E635958}.Debug|Any CPU.Build.0 = Debug|Any CPU
		{D58FC96B-B3DF-4AF9-AB58-553E2E635958}.ExportDebug|Any CPU.ActiveCfg = Debug|Any CPU
		{D58FC96B-B3DF-4AF9-AB58-553E2E635958}.ExportDebug|Any CPU.Build.0 = Debug|Any CPU
		{D58FC96B-B3DF-4AF9-AB58-553E2E635958}.ExportRelease|Any CPU.ActiveCfg = Release|Any CPU
		{D58FC96B-B3DF-4AF9-AB58-553E2E635958}.ExportRelease|Any CPU.Build.0 = Release|Any CPU
		{D58FC96B-B3DF-4AF9-AB58-553E2E635958}.Release|Any CPU.ActiveCfg = Release|Any CPU
		{D58FC96B-B3DF-4AF9-AB58-553E2E635958}.Release|Any CPU.Build.0 = Release|Any CPU
		{A5C8D23E-E29B-49EB-AC35-1CDDF796C1FD}.Debug|Any CPU.ActiveCfg = Debug|Any CPU
		{A5C8D23E-E29B-49EB-AC35-1CDDF796C1FD}.Debug|Any CPU.Build.0 = Debug|Any CPU
		{A5C8D23E-E29B-49EB-AC35-1CDDF796C1FD}.ExportDebug|Any CPU.ActiveCfg = Debug|Any CPU
		{A5C8D23E-E29B-49EB-AC35-1CDDF796C1FD}.ExportDebug|Any CPU.Build.0 = Debug|Any CPU
		{A5C8D23E-E29B-49EB-AC35-1CDDF796C1FD}.ExportRelease|Any CPU.ActiveCfg = Debug|Any CPU
		{A5C8D23E-E29B-49EB-AC35-1CDDF796C1FD}.ExportRelease|Any CPU.Build.0 = Debug|Any CPU
		{A5C8D23E-E29B-49EB-AC35-1CDDF796C1FD}.Release|Any CPU.ActiveCfg = Release|Any CPU
		{A5C8D23E-E29B-49EB-AC35-1CDDF796C1FD}.Release|Any CPU.Build.0 = Release|Any CPU
	EndGlobalSection
EndGlobal
